
Microsoft Visual Studio Solution File, Format Version 12.00
# Visual Studio Version 17
VisualStudioVersion = 17.13.35825.156 d17.13
MinimumVisualStudioVersion = 10.0.40219.1
Project("{FAE04EC0-301F-11D3-BF4B-00C04F79EFBC}") = "04.02 lab", "04.02 lab\04.02 lab.csproj", "{00E03A81-0474-47D4-9B06-82F66D8AA3D8}"
EndProject
Global
	GlobalSection(SolutionConfigurationPlatforms) = preSolution
		Debug|Any CPU = Debug|Any CPU
		Release|Any CPU = Release|Any CPU
	EndGlobalSection
	GlobalSection(ProjectConfigurationPlatforms) = postSolution
		{00E03A81-0474-47D4-9B06-82F66D8AA3D8}.Debug|Any CPU.ActiveCfg = Debug|Any CPU
		{00E03A81-0474-47D4-9B06-82F66D8AA3D8}.Debug|Any CPU.Build.0 = Debug|Any CPU
		{00E03A81-0474-47D4-9B06-82F66D8AA3D8}.Release|Any CPU.ActiveCfg = Release|Any CPU
		{00E03A81-0474-47D4-9B06-82F66D8AA3D8}.Release|Any CPU.Build.0 = Release|Any CPU
	EndGlobalSection
	GlobalSection(SolutionProperties) = preSolution
		HideSolutionNode = FALSE
	EndGlobalSection
	GlobalSection(ExtensibilityGlobals) = postSolution
		SolutionGuid = {AD72535B-C9D8-4EC6-AC12-273C623A789F}
	EndGlobalSection
EndGlobal
