
Microsoft Visual Studio Solution File, Format Version 12.00
# Visual Studio Version 17
VisualStudioVersion = 17.13.35825.156 d17.13
MinimumVisualStudioVersion = 10.0.40219.1
Project("{FAE04EC0-301F-11D3-BF4B-00C04F79EFBC}") = "05.07", "05.07.csproj", "{C8AB2F37-C1F9-44C7-BDE7-216B704A6B9B}"
EndProject
Global
	GlobalSection(SolutionConfigurationPlatforms) = preSolution
		Debug|Any CPU = Debug|Any CPU
		Release|Any CPU = Release|Any CPU
	EndGlobalSection
	GlobalSection(ProjectConfigurationPlatforms) = postSolution
		{C8AB2F37-C1F9-44C7-BDE7-216B704A6B9B}.Debug|Any CPU.ActiveCfg = Debug|Any CPU
		{C8AB2F37-C1F9-44C7-BDE7-216B704A6B9B}.Debug|Any CPU.Build.0 = Debug|Any CPU
		{C8AB2F37-C1F9-44C7-BDE7-216B704A6B9B}.Release|Any CPU.ActiveCfg = Release|Any CPU
		{C8AB2F37-C1F9-44C7-BDE7-216B704A6B9B}.Release|Any CPU.Build.0 = Release|Any CPU
	EndGlobalSection
	GlobalSection(SolutionProperties) = preSolution
		HideSolutionNode = FALSE
	EndGlobalSection
	GlobalSection(ExtensibilityGlobals) = postSolution
		SolutionGuid = {3F0BB1B8-5E78-4622-BDE6-6B99907DC78C}
	EndGlobalSection
EndGlobal
