
Microsoft Visual Studio Solution File, Format Version 12.00
# Visual Studio Version 17
VisualStudioVersion = 17.13.35825.156 d17.13
MinimumVisualStudioVersion = 10.0.40219.1
Project("{FAE04EC0-301F-11D3-BF4B-00C04F79EFBC}") = "Tak4", "Tak4\Tak4.csproj", "{A61C088A-DD05-4BE5-B309-7DC3C2C4C721}"
EndProject
Global
	GlobalSection(SolutionConfigurationPlatforms) = preSolution
		Debug|Any CPU = Debug|Any CPU
		Release|Any CPU = Release|Any CPU
	EndGlobalSection
	GlobalSection(ProjectConfigurationPlatforms) = postSolution
		{A61C088A-DD05-4BE5-B309-7DC3C2C4C721}.Debug|Any CPU.ActiveCfg = Debug|Any CPU
		{A61C088A-DD05-4BE5-B309-7DC3C2C4C721}.Debug|Any CPU.Build.0 = Debug|Any CPU
		{A61C088A-DD05-4BE5-B309-7DC3C2C4C721}.Release|Any CPU.ActiveCfg = Release|Any CPU
		{A61C088A-DD05-4BE5-B309-7DC3C2C4C721}.Release|Any CPU.Build.0 = Release|Any CPU
	EndGlobalSection
	GlobalSection(SolutionProperties) = preSolution
		HideSolutionNode = FALSE
	EndGlobalSection
	GlobalSection(ExtensibilityGlobals) = postSolution
		SolutionGuid = {CAE648EC-B518-4D67-8FFB-5570E063B455}
	EndGlobalSection
EndGlobal
