
Microsoft Visual Studio Solution File, Format Version 12.00
# Visual Studio Version 17
VisualStudioVersion = 17.13.35825.156 d17.13
MinimumVisualStudioVersion = 10.0.40219.1
Project("{FAE04EC0-301F-11D3-BF4B-00C04F79EFBC}") = "04.03", "04.03\04.03.csproj", "{36EAFF5F-DF2C-40D5-887C-5A8BEE1A3BE7}"
EndProject
Global
	GlobalSection(SolutionConfigurationPlatforms) = preSolution
		Debug|Any CPU = Debug|Any CPU
		Release|Any CPU = Release|Any CPU
	EndGlobalSection
	GlobalSection(ProjectConfigurationPlatforms) = postSolution
		{36EAFF5F-DF2C-40D5-887C-5A8BEE1A3BE7}.Debug|Any CPU.ActiveCfg = Debug|Any CPU
		{36EAFF5F-DF2C-40D5-887C-5A8BEE1A3BE7}.Debug|Any CPU.Build.0 = Debug|Any CPU
		{36EAFF5F-DF2C-40D5-887C-5A8BEE1A3BE7}.Release|Any CPU.ActiveCfg = Release|Any CPU
		{36EAFF5F-DF2C-40D5-887C-5A8BEE1A3BE7}.Release|Any CPU.Build.0 = Release|Any CPU
	EndGlobalSection
	GlobalSection(SolutionProperties) = preSolution
		HideSolutionNode = FALSE
	EndGlobalSection
	GlobalSection(ExtensibilityGlobals) = postSolution
		SolutionGuid = {EB4A289D-5AA2-4935-8995-E91C30DF14E8}
	EndGlobalSection
EndGlobal
