
Microsoft Visual Studio Solution File, Format Version 12.00
# Visual Studio Version 17
VisualStudioVersion = 17.13.35825.156 d17.13
MinimumVisualStudioVersion = 10.0.40219.1
Project("{FAE04EC0-301F-11D3-BF4B-00C04F79EFBC}") = "ecom", "ecom\ecom.csproj", "{2816CA54-8695-4366-B8E3-674BEBE42F28}"
EndProject
Global
	GlobalSection(SolutionConfigurationPlatforms) = preSolution
		Debug|Any CPU = Debug|Any CPU
		Release|Any CPU = Release|Any CPU
	EndGlobalSection
	GlobalSection(ProjectConfigurationPlatforms) = postSolution
		{2816CA54-8695-4366-B8E3-674BEBE42F28}.Debug|Any CPU.ActiveCfg = Debug|Any CPU
		{2816CA54-8695-4366-B8E3-674BEBE42F28}.Debug|Any CPU.Build.0 = Debug|Any CPU
		{2816CA54-8695-4366-B8E3-674BEBE42F28}.Release|Any CPU.ActiveCfg = Release|Any CPU
		{2816CA54-8695-4366-B8E3-674BEBE42F28}.Release|Any CPU.Build.0 = Release|Any CPU
	EndGlobalSection
	GlobalSection(SolutionProperties) = preSolution
		HideSolutionNode = FALSE
	EndGlobalSection
	GlobalSection(ExtensibilityGlobals) = postSolution
		SolutionGuid = {CF219157-2C69-435E-94E6-626C48A78079}
	EndGlobalSection
EndGlobal
